
Microsoft Visual Studio Solution File, Format Version 12.00
# Visual Studio Version 17
VisualStudioVersion = 17.5.33424.131
MinimumVisualStudioVersion = 10.0.40219.1
Project("{FAE04EC0-301F-11D3-BF4B-00C04F79EFBC}") = "CrudBasic", "DataDB\CrudBasic.csproj", "{3C954F29-5DB0-4D07-A797-D00945D25A87}"
EndProject
Global
	GlobalSection(SolutionConfigurationPlatforms) = preSolution
		Debug|Any CPU = Debug|Any CPU
		Release|Any CPU = Release|Any CPU
	EndGlobalSection
	GlobalSection(ProjectConfigurationPlatforms) = postSolution
		{3C954F29-5DB0-4D07-A797-D00945D25A87}.Debug|Any CPU.ActiveCfg = Debug|Any CPU
		{3C954F29-5DB0-4D07-A797-D00945D25A87}.Debug|Any CPU.Build.0 = Debug|Any CPU
		{3C954F29-5DB0-4D07-A797-D00945D25A87}.Release|Any CPU.ActiveCfg = Release|Any CPU
		{3C954F29-5DB0-4D07-A797-D00945D25A87}.Release|Any CPU.Build.0 = Release|Any CPU
	EndGlobalSection
	GlobalSection(SolutionProperties) = preSolution
		HideSolutionNode = FALSE
	EndGlobalSection
	GlobalSection(ExtensibilityGlobals) = postSolution
		SolutionGuid = {19CD5B90-6B84-478E-A2E9-794ED3A942C0}
	EndGlobalSection
EndGlobal
